
Microsoft Visual Studio Solution File, Format Version 12.00
# Visual Studio Version 17
VisualStudioVersion = 17.6.33723.286
MinimumVisualStudioVersion = 10.0.40219.1
Project("{FAE04EC0-301F-11D3-BF4B-00C04F79EFBC}") = "pattogogeci", "pattogogeci\pattogogeci.csproj", "{B3ECD7BE-15BF-4B41-9825-44D23243FDFB}"
EndProject
Global
	GlobalSection(SolutionConfigurationPlatforms) = preSolution
		Debug|Any CPU = Debug|Any CPU
		Release|Any CPU = Release|Any CPU
	EndGlobalSection
	GlobalSection(ProjectConfigurationPlatforms) = postSolution
		{B3ECD7BE-15BF-4B41-9825-44D23243FDFB}.Debug|Any CPU.ActiveCfg = Debug|Any CPU
		{B3ECD7BE-15BF-4B41-9825-44D23243FDFB}.Debug|Any CPU.Build.0 = Debug|Any CPU
		{B3ECD7BE-15BF-4B41-9825-44D23243FDFB}.Release|Any CPU.ActiveCfg = Release|Any CPU
		{B3ECD7BE-15BF-4B41-9825-44D23243FDFB}.Release|Any CPU.Build.0 = Release|Any CPU
	EndGlobalSection
	GlobalSection(SolutionProperties) = preSolution
		HideSolutionNode = FALSE
	EndGlobalSection
	GlobalSection(ExtensibilityGlobals) = postSolution
		SolutionGuid = {2B4DD9C3-EDF8-4AD1-A297-6741DF7C9FEC}
	EndGlobalSection
EndGlobal
