
Microsoft Visual Studio Solution File, Format Version 12.00
# Visual Studio Version 17
VisualStudioVersion = 17.6.33723.286
MinimumVisualStudioVersion = 10.0.40219.1
Project("{FAE04EC0-301F-11D3-BF4B-00C04F79EFBC}") = "2025.01.20", "2025.01.20\2025.01.20.csproj", "{39264B71-A2DF-459B-A10C-7D7FCC74999D}"
EndProject
Global
	GlobalSection(SolutionConfigurationPlatforms) = preSolution
		Debug|Any CPU = Debug|Any CPU
		Release|Any CPU = Release|Any CPU
	EndGlobalSection
	GlobalSection(ProjectConfigurationPlatforms) = postSolution
		{39264B71-A2DF-459B-A10C-7D7FCC74999D}.Debug|Any CPU.ActiveCfg = Debug|Any CPU
		{39264B71-A2DF-459B-A10C-7D7FCC74999D}.Debug|Any CPU.Build.0 = Debug|Any CPU
		{39264B71-A2DF-459B-A10C-7D7FCC74999D}.Release|Any CPU.ActiveCfg = Release|Any CPU
		{39264B71-A2DF-459B-A10C-7D7FCC74999D}.Release|Any CPU.Build.0 = Release|Any CPU
	EndGlobalSection
	GlobalSection(SolutionProperties) = preSolution
		HideSolutionNode = FALSE
	EndGlobalSection
	GlobalSection(ExtensibilityGlobals) = postSolution
		SolutionGuid = {556BEB67-EBEB-4848-8A5D-4EF13710D8F6}
	EndGlobalSection
EndGlobal
