
Microsoft Visual Studio Solution File, Format Version 12.00
# Visual Studio Version 16
VisualStudioVersion = 16.0.32106.194
MinimumVisualStudioVersion = 10.0.40219.1
Project("{FAE04EC0-301F-11D3-BF4B-00C04F79EFBC}") = "12.16_2", "12.16_2\12.16_2.csproj", "{53D1EDAF-66ED-408D-A8D5-2E1E344033AB}"
EndProject
Global
	GlobalSection(SolutionConfigurationPlatforms) = preSolution
		Debug|Any CPU = Debug|Any CPU
		Release|Any CPU = Release|Any CPU
	EndGlobalSection
	GlobalSection(ProjectConfigurationPlatforms) = postSolution
		{53D1EDAF-66ED-408D-A8D5-2E1E344033AB}.Debug|Any CPU.ActiveCfg = Debug|Any CPU
		{53D1EDAF-66ED-408D-A8D5-2E1E344033AB}.Debug|Any CPU.Build.0 = Debug|Any CPU
		{53D1EDAF-66ED-408D-A8D5-2E1E344033AB}.Release|Any CPU.ActiveCfg = Release|Any CPU
		{53D1EDAF-66ED-408D-A8D5-2E1E344033AB}.Release|Any CPU.Build.0 = Release|Any CPU
	EndGlobalSection
	GlobalSection(SolutionProperties) = preSolution
		HideSolutionNode = FALSE
	EndGlobalSection
	GlobalSection(ExtensibilityGlobals) = postSolution
		SolutionGuid = {882EC210-DCEB-4099-B241-20977951E90C}
	EndGlobalSection
EndGlobal
