
Microsoft Visual Studio Solution File, Format Version 12.00
# Visual Studio Version 16
VisualStudioVersion = 16.0.32106.194
MinimumVisualStudioVersion = 10.0.40219.1
Project("{FAE04EC0-301F-11D3-BF4B-00C04F79EFBC}") = "1104_tetelek2", "1104_tetelek2\1104_tetelek2.csproj", "{89F9DBD3-AE18-4D25-B0E6-7E5070D15A41}"
EndProject
Global
	GlobalSection(SolutionConfigurationPlatforms) = preSolution
		Debug|Any CPU = Debug|Any CPU
		Release|Any CPU = Release|Any CPU
	EndGlobalSection
	GlobalSection(ProjectConfigurationPlatforms) = postSolution
		{89F9DBD3-AE18-4D25-B0E6-7E5070D15A41}.Debug|Any CPU.ActiveCfg = Debug|Any CPU
		{89F9DBD3-AE18-4D25-B0E6-7E5070D15A41}.Debug|Any CPU.Build.0 = Debug|Any CPU
		{89F9DBD3-AE18-4D25-B0E6-7E5070D15A41}.Release|Any CPU.ActiveCfg = Release|Any CPU
		{89F9DBD3-AE18-4D25-B0E6-7E5070D15A41}.Release|Any CPU.Build.0 = Release|Any CPU
	EndGlobalSection
	GlobalSection(SolutionProperties) = preSolution
		HideSolutionNode = FALSE
	EndGlobalSection
	GlobalSection(ExtensibilityGlobals) = postSolution
		SolutionGuid = {1A709E29-AE7E-4C2B-87D6-BAC0CC01799F}
	EndGlobalSection
EndGlobal
