
Microsoft Visual Studio Solution File, Format Version 12.00
# Visual Studio Version 16
VisualStudioVersion = 16.0.32106.194
MinimumVisualStudioVersion = 10.0.40219.1
Project("{FAE04EC0-301F-11D3-BF4B-00C04F79EFBC}") = "oktatoprogram", "oktatoprogram\oktatoprogram.csproj", "{A86C1D68-6F98-40DD-ADFE-A911729F44F9}"
EndProject
Global
	GlobalSection(SolutionConfigurationPlatforms) = preSolution
		Debug|Any CPU = Debug|Any CPU
		Release|Any CPU = Release|Any CPU
	EndGlobalSection
	GlobalSection(ProjectConfigurationPlatforms) = postSolution
		{A86C1D68-6F98-40DD-ADFE-A911729F44F9}.Debug|Any CPU.ActiveCfg = Debug|Any CPU
		{A86C1D68-6F98-40DD-ADFE-A911729F44F9}.Debug|Any CPU.Build.0 = Debug|Any CPU
		{A86C1D68-6F98-40DD-ADFE-A911729F44F9}.Release|Any CPU.ActiveCfg = Release|Any CPU
		{A86C1D68-6F98-40DD-ADFE-A911729F44F9}.Release|Any CPU.Build.0 = Release|Any CPU
	EndGlobalSection
	GlobalSection(SolutionProperties) = preSolution
		HideSolutionNode = FALSE
	EndGlobalSection
	GlobalSection(ExtensibilityGlobals) = postSolution
		SolutionGuid = {6454E3D9-19C8-47EC-8D7C-C58574BA4AD3}
	EndGlobalSection
EndGlobal
