
Microsoft Visual Studio Solution File, Format Version 12.00
# Visual Studio Version 16
VisualStudioVersion = 16.0.32106.194
MinimumVisualStudioVersion = 10.0.40219.1
Project("{FAE04EC0-301F-11D3-BF4B-00C04F79EFBC}") = "11.25", "11.25\11.25.csproj", "{A758408A-D593-4AB0-9C34-9F45BB26BA3D}"
EndProject
Global
	GlobalSection(SolutionConfigurationPlatforms) = preSolution
		Debug|Any CPU = Debug|Any CPU
		Release|Any CPU = Release|Any CPU
	EndGlobalSection
	GlobalSection(ProjectConfigurationPlatforms) = postSolution
		{A758408A-D593-4AB0-9C34-9F45BB26BA3D}.Debug|Any CPU.ActiveCfg = Debug|Any CPU
		{A758408A-D593-4AB0-9C34-9F45BB26BA3D}.Debug|Any CPU.Build.0 = Debug|Any CPU
		{A758408A-D593-4AB0-9C34-9F45BB26BA3D}.Release|Any CPU.ActiveCfg = Release|Any CPU
		{A758408A-D593-4AB0-9C34-9F45BB26BA3D}.Release|Any CPU.Build.0 = Release|Any CPU
	EndGlobalSection
	GlobalSection(SolutionProperties) = preSolution
		HideSolutionNode = FALSE
	EndGlobalSection
	GlobalSection(ExtensibilityGlobals) = postSolution
		SolutionGuid = {92BB9D05-708C-4ABD-83C7-F71AA3215519}
	EndGlobalSection
EndGlobal
